
Microsoft Visual Studio Solution File, Format Version 12.00
# Visual Studio Version 17
VisualStudioVersion = 17.8.34408.163
MinimumVisualStudioVersion = 10.0.40219.1
Project("{FAE04EC0-301F-11D3-BF4B-00C04F79EFBC}") = "SecureFileShredder", "SecureFileShredder\SecureFileShredder.csproj", "{93A2ABD9-B211-489C-9D44-22406D439EA5}"
EndProject
Project("{FAE04EC0-301F-11D3-BF4B-00C04F79EFBC}") = "SecureFileShredder.Tests", "SecureFileShredder.Tests\SecureFileShredder.Tests.csproj", "{37EB8A84-A5F1-4F3B-872E-6C445FCB24FF}"
EndProject
Global
	GlobalSection(SolutionConfigurationPlatforms) = preSolution
		Debug|Any CPU = Debug|Any CPU
		Debug|x64 = Debug|x64
		Debug|x86 = Debug|x86
		Release|Any CPU = Release|Any CPU
		Release|x64 = Release|x64
		Release|x86 = Release|x86
	EndGlobalSection
	GlobalSection(ProjectConfigurationPlatforms) = postSolution
		{93A2ABD9-B211-489C-9D44-22406D439EA5}.Debug|Any CPU.ActiveCfg = Debug|Any CPU
		{93A2ABD9-B211-489C-9D44-22406D439EA5}.Debug|Any CPU.Build.0 = Debug|Any CPU
		{93A2ABD9-B211-489C-9D44-22406D439EA5}.Debug|x64.ActiveCfg = Debug|Any CPU
		{93A2ABD9-B211-489C-9D44-22406D439EA5}.Debug|x64.Build.0 = Debug|Any CPU
		{93A2ABD9-B211-489C-9D44-22406D439EA5}.Debug|x86.ActiveCfg = Debug|Any CPU
		{93A2ABD9-B211-489C-9D44-22406D439EA5}.Debug|x86.Build.0 = Debug|Any CPU
		{93A2ABD9-B211-489C-9D44-22406D439EA5}.Release|Any CPU.ActiveCfg = Release|Any CPU
		{93A2ABD9-B211-489C-9D44-22406D439EA5}.Release|Any CPU.Build.0 = Release|Any CPU
		{93A2ABD9-B211-489C-9D44-22406D439EA5}.Release|x64.ActiveCfg = Release|Any CPU
		{93A2ABD9-B211-489C-9D44-22406D439EA5}.Release|x64.Build.0 = Release|Any CPU
		{93A2ABD9-B211-489C-9D44-22406D439EA5}.Release|x86.ActiveCfg = Release|Any CPU
		{93A2ABD9-B211-489C-9D44-22406D439EA5}.Release|x86.Build.0 = Release|Any CPU
		{37EB8A84-A5F1-4F3B-872E-6C445FCB24FF}.Debug|Any CPU.ActiveCfg = Debug|Any CPU
		{37EB8A84-A5F1-4F3B-872E-6C445FCB24FF}.Debug|Any CPU.Build.0 = Debug|Any CPU
		{37EB8A84-A5F1-4F3B-872E-6C445FCB24FF}.Debug|x64.ActiveCfg = Debug|Any CPU
		{37EB8A84-A5F1-4F3B-872E-6C445FCB24FF}.Debug|x64.Build.0 = Debug|Any CPU
		{37EB8A84-A5F1-4F3B-872E-6C445FCB24FF}.Debug|x86.ActiveCfg = Debug|Any CPU
		{37EB8A84-A5F1-4F3B-872E-6C445FCB24FF}.Debug|x86.Build.0 = Debug|Any CPU
		{37EB8A84-A5F1-4F3B-872E-6C445FCB24FF}.Release|Any CPU.ActiveCfg = Release|Any CPU
		{37EB8A84-A5F1-4F3B-872E-6C445FCB24FF}.Release|Any CPU.Build.0 = Release|Any CPU
		{37EB8A84-A5F1-4F3B-872E-6C445FCB24FF}.Release|x64.ActiveCfg = Release|Any CPU
		{37EB8A84-A5F1-4F3B-872E-6C445FCB24FF}.Release|x64.Build.0 = Release|Any CPU
		{37EB8A84-A5F1-4F3B-872E-6C445FCB24FF}.Release|x86.ActiveCfg = Release|Any CPU
		{37EB8A84-A5F1-4F3B-872E-6C445FCB24FF}.Release|x86.Build.0 = Release|Any CPU
	EndGlobalSection
	GlobalSection(SolutionProperties) = preSolution
		HideSolutionNode = FALSE
	EndGlobalSection
	GlobalSection(ExtensibilityGlobals) = postSolution
		SolutionGuid = {D1FCFD71-1340-41A4-8DA8-2B656B137C7A}
	EndGlobalSection
EndGlobal
